
Microsoft Visual Studio Solution File, Format Version 12.00
# Visual Studio Version 17
VisualStudioVersion = 17.6.33815.320
MinimumVisualStudioVersion = 10.0.40219.1
Project("{FAE04EC0-301F-11D3-BF4B-00C04F79EFBC}") = "EmployeeLite", "EmployeeLite\EmployeeLite.csproj", "{FF99C4B8-293E-4CC0-84DC-A8318276BDBA}"
EndProject
Global
	GlobalSection(SolutionConfigurationPlatforms) = preSolution
		Debug|Any CPU = Debug|Any CPU
		Release|Any CPU = Release|Any CPU
	EndGlobalSection
	GlobalSection(ProjectConfigurationPlatforms) = postSolution
		{FF99C4B8-293E-4CC0-84DC-A8318276BDBA}.Debug|Any CPU.ActiveCfg = Debug|Any CPU
		{FF99C4B8-293E-4CC0-84DC-A8318276BDBA}.Debug|Any CPU.Build.0 = Debug|Any CPU
		{FF99C4B8-293E-4CC0-84DC-A8318276BDBA}.Release|Any CPU.ActiveCfg = Release|Any CPU
		{FF99C4B8-293E-4CC0-84DC-A8318276BDBA}.Release|Any CPU.Build.0 = Release|Any CPU
	EndGlobalSection
	GlobalSection(SolutionProperties) = preSolution
		HideSolutionNode = FALSE
	EndGlobalSection
	GlobalSection(ExtensibilityGlobals) = postSolution
		SolutionGuid = {25CA578D-0F9F-4E5F-B716-E1DFC710C609}
	EndGlobalSection
EndGlobal
